
Microsoft Visual Studio Solution File, Format Version 12.00
# Visual Studio Version 16
VisualStudioVersion = 16.0.31205.134
MinimumVisualStudioVersion = 10.0.40219.1
Project("{FAE04EC0-301F-11D3-BF4B-00C04F79EFBC}") = "OnlineShop", "OnlineShop\OnlineShop.csproj", "{19919810-4EF2-4EF4-9ED9-21722000A329}"
EndProject
Project("{FAE04EC0-301F-11D3-BF4B-00C04F79EFBC}") = "Common", "Common\Common.csproj", "{40691F90-780F-4295-8C8A-49C5320170A8}"
EndProject
Project("{FAE04EC0-301F-11D3-BF4B-00C04F79EFBC}") = "Model", "Model\Model.csproj", "{6D22B27F-25AE-4D3B-A6DF-CB68A3A5B398}"
EndProject
Global
	GlobalSection(SolutionConfigurationPlatforms) = preSolution
		Debug|Any CPU = Debug|Any CPU
		Release|Any CPU = Release|Any CPU
	EndGlobalSection
	GlobalSection(ProjectConfigurationPlatforms) = postSolution
		{19919810-4EF2-4EF4-9ED9-21722000A329}.Debug|Any CPU.ActiveCfg = Debug|Any CPU
		{19919810-4EF2-4EF4-9ED9-21722000A329}.Debug|Any CPU.Build.0 = Debug|Any CPU
		{19919810-4EF2-4EF4-9ED9-21722000A329}.Release|Any CPU.ActiveCfg = Release|Any CPU
		{19919810-4EF2-4EF4-9ED9-21722000A329}.Release|Any CPU.Build.0 = Release|Any CPU
		{40691F90-780F-4295-8C8A-49C5320170A8}.Debug|Any CPU.ActiveCfg = Debug|Any CPU
		{40691F90-780F-4295-8C8A-49C5320170A8}.Debug|Any CPU.Build.0 = Debug|Any CPU
		{40691F90-780F-4295-8C8A-49C5320170A8}.Release|Any CPU.ActiveCfg = Release|Any CPU
		{40691F90-780F-4295-8C8A-49C5320170A8}.Release|Any CPU.Build.0 = Release|Any CPU
		{6D22B27F-25AE-4D3B-A6DF-CB68A3A5B398}.Debug|Any CPU.ActiveCfg = Debug|Any CPU
		{6D22B27F-25AE-4D3B-A6DF-CB68A3A5B398}.Debug|Any CPU.Build.0 = Debug|Any CPU
		{6D22B27F-25AE-4D3B-A6DF-CB68A3A5B398}.Release|Any CPU.ActiveCfg = Release|Any CPU
		{6D22B27F-25AE-4D3B-A6DF-CB68A3A5B398}.Release|Any CPU.Build.0 = Release|Any CPU
	EndGlobalSection
	GlobalSection(SolutionProperties) = preSolution
		HideSolutionNode = FALSE
	EndGlobalSection
	GlobalSection(ExtensibilityGlobals) = postSolution
		SolutionGuid = {9BC95E48-E263-42A5-B3C8-F14AF928B1E4}
	EndGlobalSection
EndGlobal
